
Microsoft Visual Studio Solution File, Format Version 12.00
# Visual Studio 2013
VisualStudioVersion = 12.0.31101.0
MinimumVisualStudioVersion = 10.0.40219.1
Project("{FAE04EC0-301F-11D3-BF4B-00C04F79EFBC}") = "IOIOLib", "IOIOLib\IOIOLib.csproj", "{E2BD7921-8199-4328-B876-808E73799526}"
EndProject
Project("{FAE04EC0-301F-11D3-BF4B-00C04F79EFBC}") = "IOIOLibDotNetTest", "IOIOLibDotNetTest\IOIOLibDotNetTest.csproj", "{5BDD8AEA-4A10-42D0-B9BF-E38E63F770B5}"
EndProject
Project("{2150E333-8FDC-42A3-9474-1A3956D46DE8}") = ".nuget", ".nuget", "{98447A41-6833-48CD-B667-E7315E409C44}"
	ProjectSection(SolutionItems) = preProject
		.nuget\NuGet.Config = .nuget\NuGet.Config
		.nuget\NuGet.exe = .nuget\NuGet.exe
		.nuget\NuGet.targets = .nuget\NuGet.targets
	EndProjectSection
EndProject
Project("{2150E333-8FDC-42A3-9474-1A3956D46DE8}") = "Solution Items", "Solution Items", "{546F6E80-0CE3-4A2F-B557-5C08744B41F7}"
	ProjectSection(SolutionItems) = preProject
		README.md = README.md
	EndProjectSection
EndProject
Global
	GlobalSection(SolutionConfigurationPlatforms) = preSolution
		Debug|Any CPU = Debug|Any CPU
		Debug|ARM = Debug|ARM
		Debug|x64 = Debug|x64
		Debug|x86 = Debug|x86
		Release|Any CPU = Release|Any CPU
		Release|ARM = Release|ARM
		Release|x64 = Release|x64
		Release|x86 = Release|x86
	EndGlobalSection
	GlobalSection(ProjectConfigurationPlatforms) = postSolution
		{E2BD7921-8199-4328-B876-808E73799526}.Debug|Any CPU.ActiveCfg = Debug|Any CPU
		{E2BD7921-8199-4328-B876-808E73799526}.Debug|Any CPU.Build.0 = Debug|Any CPU
		{E2BD7921-8199-4328-B876-808E73799526}.Debug|ARM.ActiveCfg = Debug|Any CPU
		{E2BD7921-8199-4328-B876-808E73799526}.Debug|x64.ActiveCfg = Debug|Any CPU
		{E2BD7921-8199-4328-B876-808E73799526}.Debug|x86.ActiveCfg = Debug|Any CPU
		{E2BD7921-8199-4328-B876-808E73799526}.Release|Any CPU.ActiveCfg = Release|Any CPU
		{E2BD7921-8199-4328-B876-808E73799526}.Release|Any CPU.Build.0 = Release|Any CPU
		{E2BD7921-8199-4328-B876-808E73799526}.Release|ARM.ActiveCfg = Release|Any CPU
		{E2BD7921-8199-4328-B876-808E73799526}.Release|x64.ActiveCfg = Release|Any CPU
		{E2BD7921-8199-4328-B876-808E73799526}.Release|x86.ActiveCfg = Release|Any CPU
		{5BDD8AEA-4A10-42D0-B9BF-E38E63F770B5}.Debug|Any CPU.ActiveCfg = Debug|Any CPU
		{5BDD8AEA-4A10-42D0-B9BF-E38E63F770B5}.Debug|Any CPU.Build.0 = Debug|Any CPU
		{5BDD8AEA-4A10-42D0-B9BF-E38E63F770B5}.Debug|ARM.ActiveCfg = Debug|Any CPU
		{5BDD8AEA-4A10-42D0-B9BF-E38E63F770B5}.Debug|x64.ActiveCfg = Debug|Any CPU
		{5BDD8AEA-4A10-42D0-B9BF-E38E63F770B5}.Debug|x86.ActiveCfg = Debug|Any CPU
		{5BDD8AEA-4A10-42D0-B9BF-E38E63F770B5}.Release|Any CPU.ActiveCfg = Release|Any CPU
		{5BDD8AEA-4A10-42D0-B9BF-E38E63F770B5}.Release|Any CPU.Build.0 = Release|Any CPU
		{5BDD8AEA-4A10-42D0-B9BF-E38E63F770B5}.Release|ARM.ActiveCfg = Release|Any CPU
		{5BDD8AEA-4A10-42D0-B9BF-E38E63F770B5}.Release|x64.ActiveCfg = Release|Any CPU
		{5BDD8AEA-4A10-42D0-B9BF-E38E63F770B5}.Release|x86.ActiveCfg = Release|Any CPU
	EndGlobalSection
	GlobalSection(SolutionProperties) = preSolution
		HideSolutionNode = FALSE
	EndGlobalSection
EndGlobal
